
Microsoft Visual Studio Solution File, Format Version 12.00
# Visual Studio Version 16
VisualStudioVersion = 16.0.30907.101
MinimumVisualStudioVersion = 10.0.40219.1
Project("{FAE04EC0-301F-11D3-BF4B-00C04F79EFBC}") = "OrientacaoObjeto", "OrientacaoObjeto\OrientacaoObjeto.csproj", "{4CC567C1-8440-4350-9FCB-64E3161DA3F7}"
EndProject
Global
	GlobalSection(SolutionConfigurationPlatforms) = preSolution
		Debug|Any CPU = Debug|Any CPU
		Release|Any CPU = Release|Any CPU
	EndGlobalSection
	GlobalSection(ProjectConfigurationPlatforms) = postSolution
		{4CC567C1-8440-4350-9FCB-64E3161DA3F7}.Debug|Any CPU.ActiveCfg = Debug|Any CPU
		{4CC567C1-8440-4350-9FCB-64E3161DA3F7}.Debug|Any CPU.Build.0 = Debug|Any CPU
		{4CC567C1-8440-4350-9FCB-64E3161DA3F7}.Release|Any CPU.ActiveCfg = Release|Any CPU
		{4CC567C1-8440-4350-9FCB-64E3161DA3F7}.Release|Any CPU.Build.0 = Release|Any CPU
	EndGlobalSection
	GlobalSection(SolutionProperties) = preSolution
		HideSolutionNode = FALSE
	EndGlobalSection
	GlobalSection(ExtensibilityGlobals) = postSolution
		SolutionGuid = {F2D5FC88-E821-4637-8DCF-65F117808A47}
	EndGlobalSection
EndGlobal
